PODS:
  - AFNetworking (3.1.0):
    - AFNetworking/NSURLSession (= 3.1.0)
    - AFNetworking/Reachability (= 3.1.0)
    - AFNetworking/Security (= 3.1.0)
    - AFNetworking/Serialization (= 3.1.0)
    - AFNetworking/UIKit (= 3.1.0)
  - AFNetworking/NSURLSession (3.1.0):
    - AFNetworking/Reachability
    - AFNetworking/Security
    - AFNetworking/Serialization
  - AFNetworking/Reachability (3.1.0)
  - AFNetworking/Security (3.1.0)
  - AFNetworking/Serialization (3.1.0)
  - AFNetworking/UIKit (3.1.0):
    - AFNetworking/NSURLSession
  - Canvas (0.1.2)
  - MLTransition (2.1.2)
  - pop (1.0.9)

DEPENDENCIES:
  - AFNetworking (~> 3.0)
  - Canvas (~> 0.1.2)
  - MLTransition (~> 2.1.2)
  - pop (from `https://github.com/facebook/pop.git`)

EXTERNAL SOURCES:
  pop:
    :git: https://github.com/facebook/pop.git

CHECKOUT OPTIONS:
  pop:
    :commit: 92b2c5b7bcad64f7507da34f921492c71ff1d330
    :git: https://github.com/facebook/pop.git

SPEC CHECKSUMS:
  AFNetworking: 5e0e199f73d8626b11e79750991f5d173d1f8b67
  Canvas: eb861e3b555d032648146c8ffda1a5dea40059ca
  MLTransition: 26751adac088c07e4df48c9f605cfdd767bb8afa
  pop: f667631a5108a2e60d9e8797c9b32ddaf2080bce

PODFILE CHECKSUM: 66f7598473a86e3259fa334610de96b3a5a0da12

COCOAPODS: 1.0.1
