// !$*UTF8*$!
{
	archiveVersion = 1;
	classes = {
	};
	objectVersion = 46;
	objects = {

/* Begin PBXBuildFile section */
		4505FE901DAE8C1D00AE4FED /* AIAnimationImageView.m in Sources */ = {isa = PBXBuildFile; fileRef = 4505FE8F1DAE8C1D00AE4FED /* AIAnimationImageView.m */; };
		4515A1AC1D9BC4A6000F4E24 /* UIFont+Fonts.m in Sources */ = {isa = PBXBuildFile; fileRef = 4515A1AB1D9BC4A6000F4E24 /* UIFont+Fonts.m */; };
		4515A1BF1D9CFF5A000F4E24 /* AIMarqueeViewController.m in Sources */ = {isa = PBXBuildFile; fileRef = 4515A1BE1D9CFF5A000F4E24 /* AIMarqueeViewController.m */; };
		453DD8451DACA80500D1CDA9 /* GCDGroup.m in Sources */ = {isa = PBXBuildFile; fileRef = 453DD83E1DACA80500D1CDA9 /* GCDGroup.m */; };
		453DD8461DACA80500D1CDA9 /* GCDQueue.m in Sources */ = {isa = PBXBuildFile; fileRef = 453DD8401DACA80500D1CDA9 /* GCDQueue.m */; };
		453DD8471DACA80500D1CDA9 /* GCDSemaphore.m in Sources */ = {isa = PBXBuildFile; fileRef = 453DD8421DACA80500D1CDA9 /* GCDSemaphore.m */; };
		453DD8481DACA80500D1CDA9 /* GCDTimer.m in Sources */ = {isa = PBXBuildFile; fileRef = 453DD8441DACA80500D1CDA9 /* GCDTimer.m */; };
		455E288E1D98C0D300E3DA4D /* main.m in Sources */ = {isa = PBXBuildFile; fileRef = 455E288D1D98C0D300E3DA4D /* main.m */; };
		455E28911D98C0D300E3DA4D /* AppDelegate.m in Sources */ = {isa = PBXBuildFile; fileRef = 455E28901D98C0D300E3DA4D /* AppDelegate.m */; };
		455E28991D98C0D300E3DA4D /* Assets.xcassets in Resources */ = {isa = PBXBuildFile; fileRef = 455E28981D98C0D300E3DA4D /* Assets.xcassets */; };
		455E289C1D98C0D300E3DA4D /* LaunchScreen.storyboard in Resources */ = {isa = PBXBuildFile; fileRef = 455E289A1D98C0D300E3DA4D /* LaunchScreen.storyboard */; };
		455E28A71D98C0D300E3DA4D /* AIAnimationDemoTests.m in Sources */ = {isa = PBXBuildFile; fileRef = 455E28A61D98C0D300E3DA4D /* AIAnimationDemoTests.m */; };
		455E28B21D98C0D300E3DA4D /* AIAnimationDemoUITests.m in Sources */ = {isa = PBXBuildFile; fileRef = 455E28B11D98C0D300E3DA4D /* AIAnimationDemoUITests.m */; };
		455E28C51D98CCF900E3DA4D /* AIListViewController.m in Sources */ = {isa = PBXBuildFile; fileRef = 455E28C41D98CCF900E3DA4D /* AIListViewController.m */; };
		455E28CE1D98F55200E3DA4D /* AIPop1ViewController.m in Sources */ = {isa = PBXBuildFile; fileRef = 455E28CD1D98F55200E3DA4D /* AIPop1ViewController.m */; };
		455E28D31D98F80600E3DA4D /* AIListModel.m in Sources */ = {isa = PBXBuildFile; fileRef = 455E28D21D98F80600E3DA4D /* AIListModel.m */; };
		455E28D61D98F87600E3DA4D /* AIListTableViewCell.m in Sources */ = {isa = PBXBuildFile; fileRef = 455E28D51D98F87600E3DA4D /* AIListTableViewCell.m */; };
		455E28D91D990C6C00E3DA4D /* AIPopSpringAnimationViewController.m in Sources */ = {isa = PBXBuildFile; fileRef = 455E28D81D990C6C00E3DA4D /* AIPopSpringAnimationViewController.m */; };
		4581319D1DAB7CB100B2E8D1 /* DrawMarqueeView.m in Sources */ = {isa = PBXBuildFile; fileRef = 4581319C1DAB7CB100B2E8D1 /* DrawMarqueeView.m */; };
		458131A41DAB97C300B2E8D1 /* AILayerButton.m in Sources */ = {isa = PBXBuildFile; fileRef = 458131A31DAB97C300B2E8D1 /* AILayerButton.m */; };
		45D43DE71DACB7170022F86A /* AISpringScaleViewController.m in Sources */ = {isa = PBXBuildFile; fileRef = 45D43DE61DACB7170022F86A /* AISpringScaleViewController.m */; };
		45D43DF01DACC2570022F86A /* easing.c in Sources */ = {isa = PBXBuildFile; fileRef = 45D43DEC1DACC2570022F86A /* easing.c */; };
		45D43DF11DACC2570022F86A /* YXEasing.m in Sources */ = {isa = PBXBuildFile; fileRef = 45D43DEF1DACC2570022F86A /* YXEasing.m */; };
		45D43DF41DACC3090022F86A /* AIBaiduLoadHUDViewController.m in Sources */ = {isa = PBXBuildFile; fileRef = 45D43DF31DACC3090022F86A /* AIBaiduLoadHUDViewController.m */; };
		45D43DF71DACC3440022F86A /* AIBaiduHUD.m in Sources */ = {isa = PBXBuildFile; fileRef = 45D43DF61DACC3440022F86A /* AIBaiduHUD.m */; };
		45D43DFB1DACC8EE0022F86A /* AINetWorkHelper.m in Sources */ = {isa = PBXBuildFile; fileRef = 45D43DFA1DACC8EE0022F86A /* AINetWorkHelper.m */; };
		45D43DFE1DACD9460022F86A /* AILoadAnimationView.m in Sources */ = {isa = PBXBuildFile; fileRef = 45D43DFD1DACD9460022F86A /* AILoadAnimationView.m */; };
		45D43E101DACDD120022F86A /* UIView+AnimationPracticalMethod.m in Sources */ = {isa = PBXBuildFile; fileRef = 45D43E011DACDD120022F86A /* UIView+AnimationPracticalMethod.m */; };
		45D43E111DACDD120022F86A /* UIView+AnimationProperty.m in Sources */ = {isa = PBXBuildFile; fileRef = 45D43E031DACDD120022F86A /* UIView+AnimationProperty.m */; };
		45D43E121DACDD120022F86A /* UIView+ConvenientMethod.m in Sources */ = {isa = PBXBuildFile; fileRef = 45D43E051DACDD120022F86A /* UIView+ConvenientMethod.m */; };
		45D43E131DACDD120022F86A /* UIView+GlowView.m in Sources */ = {isa = PBXBuildFile; fileRef = 45D43E071DACDD120022F86A /* UIView+GlowView.m */; };
		45D43E141DACDD120022F86A /* UIView+ScreensShot.m in Sources */ = {isa = PBXBuildFile; fileRef = 45D43E091DACDD120022F86A /* UIView+ScreensShot.m */; };
		45D43E151DACDD120022F86A /* UIView+SetRect.m in Sources */ = {isa = PBXBuildFile; fileRef = 45D43E0B1DACDD120022F86A /* UIView+SetRect.m */; };
		45D43E161DACDD120022F86A /* UIView+Shake.m in Sources */ = {isa = PBXBuildFile; fileRef = 45D43E0D1DACDD120022F86A /* UIView+Shake.m */; };
		45D43E171DACDD120022F86A /* UIView+UserInteraction.m in Sources */ = {isa = PBXBuildFile; fileRef = 45D43E0F1DACDD120022F86A /* UIView+UserInteraction.m */; };
		45D43E1B1DACE21B0022F86A /* InfiniteRotationView.m in Sources */ = {isa = PBXBuildFile; fileRef = 45D43E1A1DACE21B0022F86A /* InfiniteRotationView.m */; };
		CE844DCC7CDAC9A358C39F2F /* libPods-AIAnimationDemo.a in Frameworks */ = {isa = PBXBuildFile; fileRef = 2094375E453D88DFC8C32A45 /* libPods-AIAnimationDemo.a */; };
/* End PBXBuildFile section */

/* Begin PBXContainerItemProxy section */
		455E28A31D98C0D300E3DA4D /* PBXContainerItemProxy */ = {
			isa = PBXContainerItemProxy;
			containerPortal = 455E28811D98C0D300E3DA4D /* Project object */;
			proxyType = 1;
			remoteGlobalIDString = 455E28881D98C0D300E3DA4D;
			remoteInfo = AIAnimationDemo;
		};
		455E28AE1D98C0D300E3DA4D /* PBXContainerItemProxy */ = {
			isa = PBXContainerItemProxy;
			containerPortal = 455E28811D98C0D300E3DA4D /* Project object */;
			proxyType = 1;
			remoteGlobalIDString = 455E28881D98C0D300E3DA4D;
			remoteInfo = AIAnimationDemo;
		};
/* End PBXContainerItemProxy section */

/* Begin PBXFileReference section */
		2094375E453D88DFC8C32A45 /* libPods-AIAnimationDemo.a */ = {isa = PBXFileReference; explicitFileType = archive.ar; includeInIndex = 0; path = "libPods-AIAnimationDemo.a"; sourceTree = BUILT_PRODUCTS_DIR; };
		4505FE8E1DAE8C1D00AE4FED /* AIAnimationImageView.h */ = {isa = PBXFileReference; fileEncoding = 4; lastKnownFileType = sourcecode.c.h; path = AIAnimationImageView.h; sourceTree = "<group>"; };
		4505FE8F1DAE8C1D00AE4FED /* AIAnimationImageView.m */ = {isa = PBXFileReference; fileEncoding = 4; lastKnownFileType = sourcecode.c.objc; path = AIAnimationImageView.m; sourceTree = "<group>"; };
		450FF8951DADEE5100E335C3 /* single.h */ = {isa = PBXFileReference; fileEncoding = 4; lastKnownFileType = sourcecode.c.h; path = single.h; sourceTree = "<group>"; };
		4515A1AA1D9BC4A6000F4E24 /* UIFont+Fonts.h */ = {isa = PBXFileReference; fileEncoding = 4; lastKnownFileType = sourcecode.c.h; path = "UIFont+Fonts.h"; sourceTree = "<group>"; };
		4515A1AB1D9BC4A6000F4E24 /* UIFont+Fonts.m */ = {isa = PBXFileReference; fileEncoding = 4; lastKnownFileType = sourcecode.c.objc; path = "UIFont+Fonts.m"; sourceTree = "<group>"; };
		4515A1BD1D9CFF5A000F4E24 /* AIMarqueeViewController.h */ = {isa = PBXFileReference; fileEncoding = 4; lastKnownFileType = sourcecode.c.h; path = AIMarqueeViewController.h; sourceTree = "<group>"; };
		4515A1BE1D9CFF5A000F4E24 /* AIMarqueeViewController.m */ = {isa = PBXFileReference; fileEncoding = 4; lastKnownFileType = sourcecode.c.objc; path = AIMarqueeViewController.m; sourceTree = "<group>"; };
		453DD83C1DACA80500D1CDA9 /* GCD.h */ = {isa = PBXFileReference; fileEncoding = 4; lastKnownFileType = sourcecode.c.h; path = GCD.h; sourceTree = "<group>"; };
		453DD83D1DACA80500D1CDA9 /* GCDGroup.h */ = {isa = PBXFileReference; fileEncoding = 4; lastKnownFileType = sourcecode.c.h; path = GCDGroup.h; sourceTree = "<group>"; };
		453DD83E1DACA80500D1CDA9 /* GCDGroup.m */ = {isa = PBXFileReference; fileEncoding = 4; lastKnownFileType = sourcecode.c.objc; path = GCDGroup.m; sourceTree = "<group>"; };
		453DD83F1DACA80500D1CDA9 /* GCDQueue.h */ = {isa = PBXFileReference; fileEncoding = 4; lastKnownFileType = sourcecode.c.h; path = GCDQueue.h; sourceTree = "<group>"; };
		453DD8401DACA80500D1CDA9 /* GCDQueue.m */ = {isa = PBXFileReference; fileEncoding = 4; lastKnownFileType = sourcecode.c.objc; path = GCDQueue.m; sourceTree = "<group>"; };
		453DD8411DACA80500D1CDA9 /* GCDSemaphore.h */ = {isa = PBXFileReference; fileEncoding = 4; lastKnownFileType = sourcecode.c.h; path = GCDSemaphore.h; sourceTree = "<group>"; };
		453DD8421DACA80500D1CDA9 /* GCDSemaphore.m */ = {isa = PBXFileReference; fileEncoding = 4; lastKnownFileType = sourcecode.c.objc; path = GCDSemaphore.m; sourceTree = "<group>"; };
		453DD8431DACA80500D1CDA9 /* GCDTimer.h */ = {isa = PBXFileReference; fileEncoding = 4; lastKnownFileType = sourcecode.c.h; path = GCDTimer.h; sourceTree = "<group>"; };
		453DD8441DACA80500D1CDA9 /* GCDTimer.m */ = {isa = PBXFileReference; fileEncoding = 4; lastKnownFileType = sourcecode.c.objc; path = GCDTimer.m; sourceTree = "<group>"; };
		455E28891D98C0D300E3DA4D /* AIAnimationDemo.app */ = {isa = PBXFileReference; explicitFileType = wrapper.application; includeInIndex = 0; path = AIAnimationDemo.app; sourceTree = BUILT_PRODUCTS_DIR; };
		455E288D1D98C0D300E3DA4D /* main.m */ = {isa = PBXFileReference; lastKnownFileType = sourcecode.c.objc; path = main.m; sourceTree = "<group>"; };
		455E288F1D98C0D300E3DA4D /* AppDelegate.h */ = {isa = PBXFileReference; lastKnownFileType = sourcecode.c.h; path = AppDelegate.h; sourceTree = "<group>"; };
		455E28901D98C0D300E3DA4D /* AppDelegate.m */ = {isa = PBXFileReference; lastKnownFileType = sourcecode.c.objc; path = AppDelegate.m; sourceTree = "<group>"; };
		455E28981D98C0D300E3DA4D /* Assets.xcassets */ = {isa = PBXFileReference; lastKnownFileType = folder.assetcatalog; path = Assets.xcassets; sourceTree = "<group>"; };
		455E289B1D98C0D300E3DA4D /* Base */ = {isa = PBXFileReference; lastKnownFileType = file.storyboard; name = Base; path = Base.lproj/LaunchScreen.storyboard; sourceTree = "<group>"; };
		455E289D1D98C0D300E3DA4D /* Info.plist */ = {isa = PBXFileReference; lastKnownFileType = text.plist.xml; path = Info.plist; sourceTree = "<group>"; };
		455E28A21D98C0D300E3DA4D /* AIAnimationDemoTests.xctest */ = {isa = PBXFileReference; explicitFileType = wrapper.cfbundle; includeInIndex = 0; path = AIAnimationDemoTests.xctest; sourceTree = BUILT_PRODUCTS_DIR; };
		455E28A61D98C0D300E3DA4D /* AIAnimationDemoTests.m */ = {isa = PBXFileReference; lastKnownFileType = sourcecode.c.objc; path = AIAnimationDemoTests.m; sourceTree = "<group>"; };
		455E28A81D98C0D300E3DA4D /* Info.plist */ = {isa = PBXFileReference; lastKnownFileType = text.plist.xml; path = Info.plist; sourceTree = "<group>"; };
		455E28AD1D98C0D300E3DA4D /* AIAnimationDemoUITests.xctest */ = {isa = PBXFileReference; explicitFileType = wrapper.cfbundle; includeInIndex = 0; path = AIAnimationDemoUITests.xctest; sourceTree = BUILT_PRODUCTS_DIR; };
		455E28B11D98C0D300E3DA4D /* AIAnimationDemoUITests.m */ = {isa = PBXFileReference; lastKnownFileType = sourcecode.c.objc; path = AIAnimationDemoUITests.m; sourceTree = "<group>"; };
		455E28B31D98C0D300E3DA4D /* Info.plist */ = {isa = PBXFileReference; lastKnownFileType = text.plist.xml; path = Info.plist; sourceTree = "<group>"; };
		455E28C11D98C5C800E3DA4D /* Header.h */ = {isa = PBXFileReference; fileEncoding = 4; lastKnownFileType = sourcecode.c.h; path = Header.h; sourceTree = "<group>"; };
		455E28C31D98CCF900E3DA4D /* AIListViewController.h */ = {isa = PBXFileReference; fileEncoding = 4; lastKnownFileType = sourcecode.c.h; path = AIListViewController.h; sourceTree = "<group>"; };
		455E28C41D98CCF900E3DA4D /* AIListViewController.m */ = {isa = PBXFileReference; fileEncoding = 4; lastKnownFileType = sourcecode.c.objc; path = AIListViewController.m; sourceTree = "<group>"; };
		455E28CC1D98F55200E3DA4D /* AIPop1ViewController.h */ = {isa = PBXFileReference; fileEncoding = 4; lastKnownFileType = sourcecode.c.h; path = AIPop1ViewController.h; sourceTree = "<group>"; };
		455E28CD1D98F55200E3DA4D /* AIPop1ViewController.m */ = {isa = PBXFileReference; fileEncoding = 4; lastKnownFileType = sourcecode.c.objc; path = AIPop1ViewController.m; sourceTree = "<group>"; };
		455E28D11D98F80600E3DA4D /* AIListModel.h */ = {isa = PBXFileReference; fileEncoding = 4; lastKnownFileType = sourcecode.c.h; path = AIListModel.h; sourceTree = "<group>"; };
		455E28D21D98F80600E3DA4D /* AIListModel.m */ = {isa = PBXFileReference; fileEncoding = 4; lastKnownFileType = sourcecode.c.objc; path = AIListModel.m; sourceTree = "<group>"; };
		455E28D41D98F87600E3DA4D /* AIListTableViewCell.h */ = {isa = PBXFileReference; fileEncoding = 4; lastKnownFileType = sourcecode.c.h; path = AIListTableViewCell.h; sourceTree = "<group>"; };
		455E28D51D98F87600E3DA4D /* AIListTableViewCell.m */ = {isa = PBXFileReference; fileEncoding = 4; lastKnownFileType = sourcecode.c.objc; path = AIListTableViewCell.m; sourceTree = "<group>"; };
		455E28D71D990C6C00E3DA4D /* AIPopSpringAnimationViewController.h */ = {isa = PBXFileReference; fileEncoding = 4; lastKnownFileType = sourcecode.c.h; path = AIPopSpringAnimationViewController.h; sourceTree = "<group>"; };
		455E28D81D990C6C00E3DA4D /* AIPopSpringAnimationViewController.m */ = {isa = PBXFileReference; fileEncoding = 4; lastKnownFileType = sourcecode.c.objc; path = AIPopSpringAnimationViewController.m; sourceTree = "<group>"; };
		4581319B1DAB7CB100B2E8D1 /* DrawMarqueeView.h */ = {isa = PBXFileReference; fileEncoding = 4; lastKnownFileType = sourcecode.c.h; path = DrawMarqueeView.h; sourceTree = "<group>"; };
		4581319C1DAB7CB100B2E8D1 /* DrawMarqueeView.m */ = {isa = PBXFileReference; fileEncoding = 4; lastKnownFileType = sourcecode.c.objc; path = DrawMarqueeView.m; sourceTree = "<group>"; };
		458131A21DAB97C300B2E8D1 /* AILayerButton.h */ = {isa = PBXFileReference; fileEncoding = 4; lastKnownFileType = sourcecode.c.h; path = AILayerButton.h; sourceTree = "<group>"; };
		458131A31DAB97C300B2E8D1 /* AILayerButton.m */ = {isa = PBXFileReference; fileEncoding = 4; lastKnownFileType = sourcecode.c.objc; path = AILayerButton.m; sourceTree = "<group>"; };
		45D43DE51DACB7170022F86A /* AISpringScaleViewController.h */ = {isa = PBXFileReference; fileEncoding = 4; lastKnownFileType = sourcecode.c.h; path = AISpringScaleViewController.h; sourceTree = "<group>"; };
		45D43DE61DACB7170022F86A /* AISpringScaleViewController.m */ = {isa = PBXFileReference; fileEncoding = 4; lastKnownFileType = sourcecode.c.objc; path = AISpringScaleViewController.m; sourceTree = "<group>"; };
		45D43DEC1DACC2570022F86A /* easing.c */ = {isa = PBXFileReference; fileEncoding = 4; lastKnownFileType = sourcecode.c.c; path = easing.c; sourceTree = "<group>"; };
		45D43DED1DACC2570022F86A /* easing.h */ = {isa = PBXFileReference; fileEncoding = 4; lastKnownFileType = sourcecode.c.h; path = easing.h; sourceTree = "<group>"; };
		45D43DEE1DACC2570022F86A /* YXEasing.h */ = {isa = PBXFileReference; fileEncoding = 4; lastKnownFileType = sourcecode.c.h; path = YXEasing.h; sourceTree = "<group>"; };
		45D43DEF1DACC2570022F86A /* YXEasing.m */ = {isa = PBXFileReference; fileEncoding = 4; lastKnownFileType = sourcecode.c.objc; path = YXEasing.m; sourceTree = "<group>"; };
		45D43DF21DACC3090022F86A /* AIBaiduLoadHUDViewController.h */ = {isa = PBXFileReference; fileEncoding = 4; lastKnownFileType = sourcecode.c.h; path = AIBaiduLoadHUDViewController.h; sourceTree = "<group>"; };
		45D43DF31DACC3090022F86A /* AIBaiduLoadHUDViewController.m */ = {isa = PBXFileReference; fileEncoding = 4; lastKnownFileType = sourcecode.c.objc; path = AIBaiduLoadHUDViewController.m; sourceTree = "<group>"; };
		45D43DF51DACC3440022F86A /* AIBaiduHUD.h */ = {isa = PBXFileReference; fileEncoding = 4; lastKnownFileType = sourcecode.c.h; path = AIBaiduHUD.h; sourceTree = "<group>"; };
		45D43DF61DACC3440022F86A /* AIBaiduHUD.m */ = {isa = PBXFileReference; fileEncoding = 4; lastKnownFileType = sourcecode.c.objc; path = AIBaiduHUD.m; sourceTree = "<group>"; };
		45D43DF91DACC8EE0022F86A /* AINetWorkHelper.h */ = {isa = PBXFileReference; fileEncoding = 4; lastKnownFileType = sourcecode.c.h; path = AINetWorkHelper.h; sourceTree = "<group>"; };
		45D43DFA1DACC8EE0022F86A /* AINetWorkHelper.m */ = {isa = PBXFileReference; fileEncoding = 4; lastKnownFileType = sourcecode.c.objc; path = AINetWorkHelper.m; sourceTree = "<group>"; };
		45D43DFC1DACD9460022F86A /* AILoadAnimationView.h */ = {isa = PBXFileReference; fileEncoding = 4; lastKnownFileType = sourcecode.c.h; path = AILoadAnimationView.h; sourceTree = "<group>"; };
		45D43DFD1DACD9460022F86A /* AILoadAnimationView.m */ = {isa = PBXFileReference; fileEncoding = 4; lastKnownFileType = sourcecode.c.objc; path = AILoadAnimationView.m; sourceTree = "<group>"; };
		45D43E001DACDD120022F86A /* UIView+AnimationPracticalMethod.h */ = {isa = PBXFileReference; fileEncoding = 4; lastKnownFileType = sourcecode.c.h; path = "UIView+AnimationPracticalMethod.h"; sourceTree = "<group>"; };
		45D43E011DACDD120022F86A /* UIView+AnimationPracticalMethod.m */ = {isa = PBXFileReference; fileEncoding = 4; lastKnownFileType = sourcecode.c.objc; path = "UIView+AnimationPracticalMethod.m"; sourceTree = "<group>"; };
		45D43E021DACDD120022F86A /* UIView+AnimationProperty.h */ = {isa = PBXFileReference; fileEncoding = 4; lastKnownFileType = sourcecode.c.h; path = "UIView+AnimationProperty.h"; sourceTree = "<group>"; };
		45D43E031DACDD120022F86A /* UIView+AnimationProperty.m */ = {isa = PBXFileReference; fileEncoding = 4; lastKnownFileType = sourcecode.c.objc; path = "UIView+AnimationProperty.m"; sourceTree = "<group>"; };
		45D43E041DACDD120022F86A /* UIView+ConvenientMethod.h */ = {isa = PBXFileReference; fileEncoding = 4; lastKnownFileType = sourcecode.c.h; path = "UIView+ConvenientMethod.h"; sourceTree = "<group>"; };
		45D43E051DACDD120022F86A /* UIView+ConvenientMethod.m */ = {isa = PBXFileReference; fileEncoding = 4; lastKnownFileType = sourcecode.c.objc; path = "UIView+ConvenientMethod.m"; sourceTree = "<group>"; };
		45D43E061DACDD120022F86A /* UIView+GlowView.h */ = {isa = PBXFileReference; fileEncoding = 4; lastKnownFileType = sourcecode.c.h; path = "UIView+GlowView.h"; sourceTree = "<group>"; };
		45D43E071DACDD120022F86A /* UIView+GlowView.m */ = {isa = PBXFileReference; fileEncoding = 4; lastKnownFileType = sourcecode.c.objc; path = "UIView+GlowView.m"; sourceTree = "<group>"; };
		45D43E081DACDD120022F86A /* UIView+ScreensShot.h */ = {isa = PBXFileReference; fileEncoding = 4; lastKnownFileType = sourcecode.c.h; path = "UIView+ScreensShot.h"; sourceTree = "<group>"; };
		45D43E091DACDD120022F86A /* UIView+ScreensShot.m */ = {isa = PBXFileReference; fileEncoding = 4; lastKnownFileType = sourcecode.c.objc; path = "UIView+ScreensShot.m"; sourceTree = "<group>"; };
		45D43E0A1DACDD120022F86A /* UIView+SetRect.h */ = {isa = PBXFileReference; fileEncoding = 4; lastKnownFileType = sourcecode.c.h; path = "UIView+SetRect.h"; sourceTree = "<group>"; };
		45D43E0B1DACDD120022F86A /* UIView+SetRect.m */ = {isa = PBXFileReference; fileEncoding = 4; lastKnownFileType = sourcecode.c.objc; path = "UIView+SetRect.m"; sourceTree = "<group>"; };
		45D43E0C1DACDD120022F86A /* UIView+Shake.h */ = {isa = PBXFileReference; fileEncoding = 4; lastKnownFileType = sourcecode.c.h; path = "UIView+Shake.h"; sourceTree = "<group>"; };
		45D43E0D1DACDD120022F86A /* UIView+Shake.m */ = {isa = PBXFileReference; fileEncoding = 4; lastKnownFileType = sourcecode.c.objc; path = "UIView+Shake.m"; sourceTree = "<group>"; };
		45D43E0E1DACDD120022F86A /* UIView+UserInteraction.h */ = {isa = PBXFileReference; fileEncoding = 4; lastKnownFileType = sourcecode.c.h; path = "UIView+UserInteraction.h"; sourceTree = "<group>"; };
		45D43E0F1DACDD120022F86A /* UIView+UserInteraction.m */ = {isa = PBXFileReference; fileEncoding = 4; lastKnownFileType = sourcecode.c.objc; path = "UIView+UserInteraction.m"; sourceTree = "<group>"; };
		45D43E191DACE21B0022F86A /* InfiniteRotationView.h */ = {isa = PBXFileReference; fileEncoding = 4; lastKnownFileType = sourcecode.c.h; path = InfiniteRotationView.h; sourceTree = "<group>"; };
		45D43E1A1DACE21B0022F86A /* InfiniteRotationView.m */ = {isa = PBXFileReference; fileEncoding = 4; lastKnownFileType = sourcecode.c.objc; path = InfiniteRotationView.m; sourceTree = "<group>"; };
		48ED125D08E27BAFBE549DFC /* Pods-AIAnimationDemo.release.xcconfig */ = {isa = PBXFileReference; includeInIndex = 1; lastKnownFileType = text.xcconfig; name = "Pods-AIAnimationDemo.release.xcconfig"; path = "Pods/Target Support Files/Pods-AIAnimationDemo/Pods-AIAnimationDemo.release.xcconfig"; sourceTree = "<group>"; };
		7620388811825F2ABC3F5185 /* Pods-AIAnimationDemo.debug.xcconfig */ = {isa = PBXFileReference; includeInIndex = 1; lastKnownFileType = text.xcconfig; name = "Pods-AIAnimationDemo.debug.xcconfig"; path = "Pods/Target Support Files/Pods-AIAnimationDemo/Pods-AIAnimationDemo.debug.xcconfig"; sourceTree = "<group>"; };
/* End PBXFileReference section */

/* Begin PBXFrameworksBuildPhase section */
		455E28861D98C0D300E3DA4D /* Frameworks */ = {
			isa = PBXFrameworksBuildPhase;
			buildActionMask = 2147483647;
			files = (
				CE844DCC7CDAC9A358C39F2F /* libPods-AIAnimationDemo.a in Frameworks */,
			);
			runOnlyForDeploymentPostprocessing = 0;
		};
		455E289F1D98C0D300E3DA4D /* Frameworks */ = {
			isa = PBXFrameworksBuildPhase;
			buildActionMask = 2147483647;
			files = (
			);
			runOnlyForDeploymentPostprocessing = 0;
		};
		455E28AA1D98C0D300E3DA4D /* Frameworks */ = {
			isa = PBXFrameworksBuildPhase;
			buildActionMask = 2147483647;
			files = (
			);
			runOnlyForDeploymentPostprocessing = 0;
		};
/* End PBXFrameworksBuildPhase section */

/* Begin PBXGroup section */
		4505FE911DAF2AFC00AE4FED /* Pop6 */ = {
			isa = PBXGroup;
			children = (
				4505FE921DAF2AFC00AE4FED /* Controller */,
				4505FE931DAF2AFC00AE4FED /* View */,
			);
			path = Pop6;
			sourceTree = "<group>";
		};
		4505FE921DAF2AFC00AE4FED /* Controller */ = {
			isa = PBXGroup;
			children = (
			);
			path = Controller;
			sourceTree = "<group>";
		};
		4505FE931DAF2AFC00AE4FED /* View */ = {
			isa = PBXGroup;
			children = (
			);
			path = View;
			sourceTree = "<group>";
		};
		450FF8941DADEE3700E335C3 /* Single */ = {
			isa = PBXGroup;
			children = (
				450FF8951DADEE5100E335C3 /* single.h */,
			);
			path = Single;
			sourceTree = "<group>";
		};
		4515A1371D9BC356000F4E24 /* Category */ = {
			isa = PBXGroup;
			children = (
				45D43E181DACE21B0022F86A /* InfiniteRotationView */,
				45D43DFF1DACDD120022F86A /* UIView+Category */,
				4515A1AA1D9BC4A6000F4E24 /* UIFont+Fonts.h */,
				4515A1AB1D9BC4A6000F4E24 /* UIFont+Fonts.m */,
			);
			path = Category;
			sourceTree = "<group>";
		};
		4515A1B71D9CFED8000F4E24 /* Pop3 */ = {
			isa = PBXGroup;
			children = (
				4515A1C01D9D0235000F4E24 /* Libs */,
				4515A1B81D9CFED8000F4E24 /* Controller */,
				4515A1B91D9CFED8000F4E24 /* View */,
			);
			path = Pop3;
			sourceTree = "<group>";
		};
		4515A1B81D9CFED8000F4E24 /* Controller */ = {
			isa = PBXGroup;
			children = (
				4515A1BD1D9CFF5A000F4E24 /* AIMarqueeViewController.h */,
				4515A1BE1D9CFF5A000F4E24 /* AIMarqueeViewController.m */,
			);
			path = Controller;
			sourceTree = "<group>";
		};
		4515A1B91D9CFED8000F4E24 /* View */ = {
			isa = PBXGroup;
			children = (
				4581319B1DAB7CB100B2E8D1 /* DrawMarqueeView.h */,
				4581319C1DAB7CB100B2E8D1 /* DrawMarqueeView.m */,
				458131A21DAB97C300B2E8D1 /* AILayerButton.h */,
				458131A31DAB97C300B2E8D1 /* AILayerButton.m */,
			);
			path = View;
			sourceTree = "<group>";
		};
		4515A1BA1D9CFED8000F4E24 /* Pop4 */ = {
			isa = PBXGroup;
			children = (
				4515A1BB1D9CFED8000F4E24 /* Controller */,
				4515A1BC1D9CFED8000F4E24 /* View */,
			);
			path = Pop4;
			sourceTree = "<group>";
		};
		4515A1BB1D9CFED8000F4E24 /* Controller */ = {
			isa = PBXGroup;
			children = (
				45D43DE51DACB7170022F86A /* AISpringScaleViewController.h */,
				45D43DE61DACB7170022F86A /* AISpringScaleViewController.m */,
			);
			path = Controller;
			sourceTree = "<group>";
		};
		4515A1BC1D9CFED8000F4E24 /* View */ = {
			isa = PBXGroup;
			children = (
			);
			path = View;
			sourceTree = "<group>";
		};
		4515A1C01D9D0235000F4E24 /* Libs */ = {
			isa = PBXGroup;
			children = (
			);
			path = Libs;
			sourceTree = "<group>";
		};
		453DD83A1DACA80500D1CDA9 /* Tool */ = {
			isa = PBXGroup;
			children = (
				450FF8941DADEE3700E335C3 /* Single */,
				45D43DEB1DACC2570022F86A /* Easing */,
				453DD83B1DACA80500D1CDA9 /* GCD */,
			);
			path = Tool;
			sourceTree = "<group>";
		};
		453DD83B1DACA80500D1CDA9 /* GCD */ = {
			isa = PBXGroup;
			children = (
				453DD83C1DACA80500D1CDA9 /* GCD.h */,
				453DD83D1DACA80500D1CDA9 /* GCDGroup.h */,
				453DD83E1DACA80500D1CDA9 /* GCDGroup.m */,
				453DD83F1DACA80500D1CDA9 /* GCDQueue.h */,
				453DD8401DACA80500D1CDA9 /* GCDQueue.m */,
				453DD8411DACA80500D1CDA9 /* GCDSemaphore.h */,
				453DD8421DACA80500D1CDA9 /* GCDSemaphore.m */,
				453DD8431DACA80500D1CDA9 /* GCDTimer.h */,
				453DD8441DACA80500D1CDA9 /* GCDTimer.m */,
			);
			path = GCD;
			sourceTree = "<group>";
		};
		455E28801D98C0D300E3DA4D = {
			isa = PBXGroup;
			children = (
				455E288B1D98C0D300E3DA4D /* AIAnimationDemo */,
				455E28A51D98C0D300E3DA4D /* AIAnimationDemoTests */,
				455E28B01D98C0D300E3DA4D /* AIAnimationDemoUITests */,
				455E288A1D98C0D300E3DA4D /* Products */,
				4EB85B77591E8F52115C87C8 /* Pods */,
				B5CC9E94D5636FDCEF83279A /* Frameworks */,
			);
			sourceTree = "<group>";
		};
		455E288A1D98C0D300E3DA4D /* Products */ = {
			isa = PBXGroup;
			children = (
				455E28891D98C0D300E3DA4D /* AIAnimationDemo.app */,
				455E28A21D98C0D300E3DA4D /* AIAnimationDemoTests.xctest */,
				455E28AD1D98C0D300E3DA4D /* AIAnimationDemoUITests.xctest */,
			);
			name = Products;
			sourceTree = "<group>";
		};
		455E288B1D98C0D300E3DA4D /* AIAnimationDemo */ = {
			isa = PBXGroup;
			children = (
				455E28BF1D98C58100E3DA4D /* Class */,
				455E288F1D98C0D300E3DA4D /* AppDelegate.h */,
				455E28901D98C0D300E3DA4D /* AppDelegate.m */,
				455E28C11D98C5C800E3DA4D /* Header.h */,
				455E288C1D98C0D300E3DA4D /* Supporting Files */,
			);
			path = AIAnimationDemo;
			sourceTree = "<group>";
		};
		455E288C1D98C0D300E3DA4D /* Supporting Files */ = {
			isa = PBXGroup;
			children = (
				455E28981D98C0D300E3DA4D /* Assets.xcassets */,
				455E289A1D98C0D300E3DA4D /* LaunchScreen.storyboard */,
				455E289D1D98C0D300E3DA4D /* Info.plist */,
				455E288D1D98C0D300E3DA4D /* main.m */,
			);
			name = "Supporting Files";
			sourceTree = "<group>";
		};
		455E28A51D98C0D300E3DA4D /* AIAnimationDemoTests */ = {
			isa = PBXGroup;
			children = (
				455E28A61D98C0D300E3DA4D /* AIAnimationDemoTests.m */,
				455E28A81D98C0D300E3DA4D /* Info.plist */,
			);
			path = AIAnimationDemoTests;
			sourceTree = "<group>";
		};
		455E28B01D98C0D300E3DA4D /* AIAnimationDemoUITests */ = {
			isa = PBXGroup;
			children = (
				455E28B11D98C0D300E3DA4D /* AIAnimationDemoUITests.m */,
				455E28B31D98C0D300E3DA4D /* Info.plist */,
			);
			path = AIAnimationDemoUITests;
			sourceTree = "<group>";
		};
		455E28BF1D98C58100E3DA4D /* Class */ = {
			isa = PBXGroup;
			children = (
				4505FE911DAF2AFC00AE4FED /* Pop6 */,
				45D43DF81DACC8900022F86A /* NetWorking */,
				45D43DE81DACC2100022F86A /* Pop5 */,
				4515A1B71D9CFED8000F4E24 /* Pop3 */,
				4515A1BA1D9CFED8000F4E24 /* Pop4 */,
				4515A1371D9BC356000F4E24 /* Category */,
				455E28C61D98F4E800E3DA4D /* Pop1 */,
				455E28C91D98F53A00E3DA4D /* Pop2 */,
				455E28C01D98C58100E3DA4D /* Main */,
			);
			path = Class;
			sourceTree = "<group>";
		};
		455E28C01D98C58100E3DA4D /* Main */ = {
			isa = PBXGroup;
			children = (
				453DD83A1DACA80500D1CDA9 /* Tool */,
				455E28CF1D98F74600E3DA4D /* Model */,
				455E28D01D98F74600E3DA4D /* View */,
				455E28C21D98CCD300E3DA4D /* Controller */,
			);
			path = Main;
			sourceTree = "<group>";
		};
		455E28C21D98CCD300E3DA4D /* Controller */ = {
			isa = PBXGroup;
			children = (
				455E28C31D98CCF900E3DA4D /* AIListViewController.h */,
				455E28C41D98CCF900E3DA4D /* AIListViewController.m */,
			);
			path = Controller;
			sourceTree = "<group>";
		};
		455E28C61D98F4E800E3DA4D /* Pop1 */ = {
			isa = PBXGroup;
			children = (
				455E28C71D98F51F00E3DA4D /* Controller */,
				455E28C81D98F51F00E3DA4D /* View */,
			);
			path = Pop1;
			sourceTree = "<group>";
		};
		455E28C71D98F51F00E3DA4D /* Controller */ = {
			isa = PBXGroup;
			children = (
				455E28CC1D98F55200E3DA4D /* AIPop1ViewController.h */,
				455E28CD1D98F55200E3DA4D /* AIPop1ViewController.m */,
			);
			path = Controller;
			sourceTree = "<group>";
		};
		455E28C81D98F51F00E3DA4D /* View */ = {
			isa = PBXGroup;
			children = (
			);
			path = View;
			sourceTree = "<group>";
		};
		455E28C91D98F53A00E3DA4D /* Pop2 */ = {
			isa = PBXGroup;
			children = (
				455E28CA1D98F53A00E3DA4D /* Controller */,
				455E28CB1D98F53A00E3DA4D /* View */,
			);
			path = Pop2;
			sourceTree = "<group>";
		};
		455E28CA1D98F53A00E3DA4D /* Controller */ = {
			isa = PBXGroup;
			children = (
				455E28D71D990C6C00E3DA4D /* AIPopSpringAnimationViewController.h */,
				455E28D81D990C6C00E3DA4D /* AIPopSpringAnimationViewController.m */,
			);
			path = Controller;
			sourceTree = "<group>";
		};
		455E28CB1D98F53A00E3DA4D /* View */ = {
			isa = PBXGroup;
			children = (
			);
			path = View;
			sourceTree = "<group>";
		};
		455E28CF1D98F74600E3DA4D /* Model */ = {
			isa = PBXGroup;
			children = (
				455E28D11D98F80600E3DA4D /* AIListModel.h */,
				455E28D21D98F80600E3DA4D /* AIListModel.m */,
			);
			path = Model;
			sourceTree = "<group>";
		};
		455E28D01D98F74600E3DA4D /* View */ = {
			isa = PBXGroup;
			children = (
				455E28D41D98F87600E3DA4D /* AIListTableViewCell.h */,
				455E28D51D98F87600E3DA4D /* AIListTableViewCell.m */,
			);
			path = View;
			sourceTree = "<group>";
		};
		45D43DE81DACC2100022F86A /* Pop5 */ = {
			isa = PBXGroup;
			children = (
				45D43DE91DACC2100022F86A /* Controller */,
				45D43DEA1DACC2100022F86A /* View */,
			);
			path = Pop5;
			sourceTree = "<group>";
		};
		45D43DE91DACC2100022F86A /* Controller */ = {
			isa = PBXGroup;
			children = (
				45D43DF21DACC3090022F86A /* AIBaiduLoadHUDViewController.h */,
				45D43DF31DACC3090022F86A /* AIBaiduLoadHUDViewController.m */,
			);
			path = Controller;
			sourceTree = "<group>";
		};
		45D43DEA1DACC2100022F86A /* View */ = {
			isa = PBXGroup;
			children = (
				45D43DF51DACC3440022F86A /* AIBaiduHUD.h */,
				45D43DF61DACC3440022F86A /* AIBaiduHUD.m */,
				45D43DFC1DACD9460022F86A /* AILoadAnimationView.h */,
				45D43DFD1DACD9460022F86A /* AILoadAnimationView.m */,
				4505FE8E1DAE8C1D00AE4FED /* AIAnimationImageView.h */,
				4505FE8F1DAE8C1D00AE4FED /* AIAnimationImageView.m */,
			);
			path = View;
			sourceTree = "<group>";
		};
		45D43DEB1DACC2570022F86A /* Easing */ = {
			isa = PBXGroup;
			children = (
				45D43DEC1DACC2570022F86A /* easing.c */,
				45D43DED1DACC2570022F86A /* easing.h */,
				45D43DEE1DACC2570022F86A /* YXEasing.h */,
				45D43DEF1DACC2570022F86A /* YXEasing.m */,
			);
			path = Easing;
			sourceTree = "<group>";
		};
		45D43DF81DACC8900022F86A /* NetWorking */ = {
			isa = PBXGroup;
			children = (
				45D43DF91DACC8EE0022F86A /* AINetWorkHelper.h */,
				45D43DFA1DACC8EE0022F86A /* AINetWorkHelper.m */,
			);
			path = NetWorking;
			sourceTree = "<group>";
		};
		45D43DFF1DACDD120022F86A /* UIView+Category */ = {
			isa = PBXGroup;
			children = (
				45D43E001DACDD120022F86A /* UIView+AnimationPracticalMethod.h */,
				45D43E011DACDD120022F86A /* UIView+AnimationPracticalMethod.m */,
				45D43E021DACDD120022F86A /* UIView+AnimationProperty.h */,
				45D43E031DACDD120022F86A /* UIView+AnimationProperty.m */,
				45D43E041DACDD120022F86A /* UIView+ConvenientMethod.h */,
				45D43E051DACDD120022F86A /* UIView+ConvenientMethod.m */,
				45D43E061DACDD120022F86A /* UIView+GlowView.h */,
				45D43E071DACDD120022F86A /* UIView+GlowView.m */,
				45D43E081DACDD120022F86A /* UIView+ScreensShot.h */,
				45D43E091DACDD120022F86A /* UIView+ScreensShot.m */,
				45D43E0A1DACDD120022F86A /* UIView+SetRect.h */,
				45D43E0B1DACDD120022F86A /* UIView+SetRect.m */,
				45D43E0C1DACDD120022F86A /* UIView+Shake.h */,
				45D43E0D1DACDD120022F86A /* UIView+Shake.m */,
				45D43E0E1DACDD120022F86A /* UIView+UserInteraction.h */,
				45D43E0F1DACDD120022F86A /* UIView+UserInteraction.m */,
			);
			path = "UIView+Category";
			sourceTree = "<group>";
		};
		45D43E181DACE21B0022F86A /* InfiniteRotationView */ = {
			isa = PBXGroup;
			children = (
				45D43E191DACE21B0022F86A /* InfiniteRotationView.h */,
				45D43E1A1DACE21B0022F86A /* InfiniteRotationView.m */,
			);
			path = InfiniteRotationView;
			sourceTree = "<group>";
		};
		4EB85B77591E8F52115C87C8 /* Pods */ = {
			isa = PBXGroup;
			children = (
				7620388811825F2ABC3F5185 /* Pods-AIAnimationDemo.debug.xcconfig */,
				48ED125D08E27BAFBE549DFC /* Pods-AIAnimationDemo.release.xcconfig */,
			);
			name = Pods;
			sourceTree = "<group>";
		};
		B5CC9E94D5636FDCEF83279A /* Frameworks */ = {
			isa = PBXGroup;
			children = (
				2094375E453D88DFC8C32A45 /* libPods-AIAnimationDemo.a */,
			);
			name = Frameworks;
			sourceTree = "<group>";
		};
/* End PBXGroup section */

/* Begin PBXNativeTarget section */
		455E28881D98C0D300E3DA4D /* AIAnimationDemo */ = {
			isa = PBXNativeTarget;
			buildConfigurationList = 455E28B61D98C0D300E3DA4D /* Build configuration list for PBXNativeTarget "AIAnimationDemo" */;
			buildPhases = (
				427E6A95BB688D6D4882D7DC /* [CP] Check Pods Manifest.lock */,
				455E28851D98C0D300E3DA4D /* Sources */,
				455E28861D98C0D300E3DA4D /* Frameworks */,
				455E28871D98C0D300E3DA4D /* Resources */,
				54C36C5E4844DD6709123526 /* [CP] Embed Pods Frameworks */,
				9ECA69F89B8B11B1545A94A3 /* [CP] Copy Pods Resources */,
			);
			buildRules = (
			);
			dependencies = (
			);
			name = AIAnimationDemo;
			productName = AIAnimationDemo;
			productReference = 455E28891D98C0D300E3DA4D /* AIAnimationDemo.app */;
			productType = "com.apple.product-type.application";
		};
		455E28A11D98C0D300E3DA4D /* AIAnimationDemoTests */ = {
			isa = PBXNativeTarget;
			buildConfigurationList = 455E28B91D98C0D300E3DA4D /* Build configuration list for PBXNativeTarget "AIAnimationDemoTests" */;
			buildPhases = (
				455E289E1D98C0D300E3DA4D /* Sources */,
				455E289F1D98C0D300E3DA4D /* Frameworks */,
				455E28A01D98C0D300E3DA4D /* Resources */,
			);
			buildRules = (
			);
			dependencies = (
				455E28A41D98C0D300E3DA4D /* PBXTargetDependency */,
			);
			name = AIAnimationDemoTests;
			productName = AIAnimationDemoTests;
			productReference = 455E28A21D98C0D300E3DA4D /* AIAnimationDemoTests.xctest */;
			productType = "com.apple.product-type.bundle.unit-test";
		};
		455E28AC1D98C0D300E3DA4D /* AIAnimationDemoUITests */ = {
			isa = PBXNativeTarget;
			buildConfigurationList = 455E28BC1D98C0D300E3DA4D /* Build configuration list for PBXNativeTarget "AIAnimationDemoUITests" */;
			buildPhases = (
				455E28A91D98C0D300E3DA4D /* Sources */,
				455E28AA1D98C0D300E3DA4D /* Frameworks */,
				455E28AB1D98C0D300E3DA4D /* Resources */,
			);
			buildRules = (
			);
			dependencies = (
				455E28AF1D98C0D300E3DA4D /* PBXTargetDependency */,
			);
			name = AIAnimationDemoUITests;
			productName = AIAnimationDemoUITests;
			productReference = 455E28AD1D98C0D300E3DA4D /* AIAnimationDemoUITests.xctest */;
			productType = "com.apple.product-type.bundle.ui-testing";
		};
/* End PBXNativeTarget section */

/* Begin PBXProject section */
		455E28811D98C0D300E3DA4D /* Project object */ = {
			isa = PBXProject;
			attributes = {
				CLASSPREFIX = AI;
				LastUpgradeCheck = 0800;
				ORGANIZATIONNAME = "艾泽鑫";
				TargetAttributes = {
					455E28881D98C0D300E3DA4D = {
						CreatedOnToolsVersion = 8.0;
						DevelopmentTeam = 6H387LGUM8;
						ProvisioningStyle = Automatic;
					};
					455E28A11D98C0D300E3DA4D = {
						CreatedOnToolsVersion = 8.0;
						ProvisioningStyle = Automatic;
						TestTargetID = 455E28881D98C0D300E3DA4D;
					};
					455E28AC1D98C0D300E3DA4D = {
						CreatedOnToolsVersion = 8.0;
						ProvisioningStyle = Automatic;
						TestTargetID = 455E28881D98C0D300E3DA4D;
					};
				};
			};
			buildConfigurationList = 455E28841D98C0D300E3DA4D /* Build configuration list for PBXProject "AIAnimationDemo" */;
			compatibilityVersion = "Xcode 3.2";
			developmentRegion = English;
			hasScannedForEncodings = 0;
			knownRegions = (
				en,
				Base,
			);
			mainGroup = 455E28801D98C0D300E3DA4D;
			productRefGroup = 455E288A1D98C0D300E3DA4D /* Products */;
			projectDirPath = "";
			projectRoot = "";
			targets = (
				455E28881D98C0D300E3DA4D /* AIAnimationDemo */,
				455E28A11D98C0D300E3DA4D /* AIAnimationDemoTests */,
				455E28AC1D98C0D300E3DA4D /* AIAnimationDemoUITests */,
			);
		};
/* End PBXProject section */

/* Begin PBXResourcesBuildPhase section */
		455E28871D98C0D300E3DA4D /* Resources */ = {
			isa = PBXResourcesBuildPhase;
			buildActionMask = 2147483647;
			files = (
				455E289C1D98C0D300E3DA4D /* LaunchScreen.storyboard in Resources */,
				455E28991D98C0D300E3DA4D /* Assets.xcassets in Resources */,
			);
			runOnlyForDeploymentPostprocessing = 0;
		};
		455E28A01D98C0D300E3DA4D /* Resources */ = {
			isa = PBXResourcesBuildPhase;
			buildActionMask = 2147483647;
			files = (
			);
			runOnlyForDeploymentPostprocessing = 0;
		};
		455E28AB1D98C0D300E3DA4D /* Resources */ = {
			isa = PBXResourcesBuildPhase;
			buildActionMask = 2147483647;
			files = (
			);
			runOnlyForDeploymentPostprocessing = 0;
		};
/* End PBXResourcesBuildPhase section */

/* Begin PBXShellScriptBuildPhase section */
		427E6A95BB688D6D4882D7DC /* [CP] Check Pods Manifest.lock */ = {
			isa = PBXShellScriptBuildPhase;
			buildActionMask = 2147483647;
			files = (
			);
			inputPaths = (
			);
			name = "[CP] Check Pods Manifest.lock";
			outputPaths = (
			);
			runOnlyForDeploymentPostprocessing = 0;
			shellPath = /bin/sh;
			shellScript = "diff \"${PODS_ROOT}/../Podfile.lock\" \"${PODS_ROOT}/Manifest.lock\" > /dev/null\nif [[ $? != 0 ]] ; then\n    cat << EOM\nerror: The sandbox is not in sync with the Podfile.lock. Run 'pod install' or update your CocoaPods installation.\nEOM\n    exit 1\nfi\n";
			showEnvVarsInLog = 0;
		};
		54C36C5E4844DD6709123526 /* [CP] Embed Pods Frameworks */ = {
			isa = PBXShellScriptBuildPhase;
			buildActionMask = 2147483647;
			files = (
			);
			inputPaths = (
			);
			name = "[CP] Embed Pods Frameworks";
			outputPaths = (
			);
			runOnlyForDeploymentPostprocessing = 0;
			shellPath = /bin/sh;
			shellScript = "\"${SRCROOT}/Pods/Target Support Files/Pods-AIAnimationDemo/Pods-AIAnimationDemo-frameworks.sh\"\n";
			showEnvVarsInLog = 0;
		};
		9ECA69F89B8B11B1545A94A3 /* [CP] Copy Pods Resources */ = {
			isa = PBXShellScriptBuildPhase;
			buildActionMask = 2147483647;
			files = (
			);
			inputPaths = (
			);
			name = "[CP] Copy Pods Resources";
			outputPaths = (
			);
			runOnlyForDeploymentPostprocessing = 0;
			shellPath = /bin/sh;
			shellScript = "\"${SRCROOT}/Pods/Target Support Files/Pods-AIAnimationDemo/Pods-AIAnimationDemo-resources.sh\"\n";
			showEnvVarsInLog = 0;
		};
/* End PBXShellScriptBuildPhase section */

/* Begin PBXSourcesBuildPhase section */
		455E28851D98C0D300E3DA4D /* Sources */ = {
			isa = PBXSourcesBuildPhase;
			buildActionMask = 2147483647;
			files = (
				455E28D91D990C6C00E3DA4D /* AIPopSpringAnimationViewController.m in Sources */,
				455E28C51D98CCF900E3DA4D /* AIListViewController.m in Sources */,
				4515A1BF1D9CFF5A000F4E24 /* AIMarqueeViewController.m in Sources */,
				45D43DF71DACC3440022F86A /* AIBaiduHUD.m in Sources */,
				45D43E171DACDD120022F86A /* UIView+UserInteraction.m in Sources */,
				453DD8461DACA80500D1CDA9 /* GCDQueue.m in Sources */,
				4515A1AC1D9BC4A6000F4E24 /* UIFont+Fonts.m in Sources */,
				45D43E131DACDD120022F86A /* UIView+GlowView.m in Sources */,
				453DD8481DACA80500D1CDA9 /* GCDTimer.m in Sources */,
				455E28D31D98F80600E3DA4D /* AIListModel.m in Sources */,
				455E28911D98C0D300E3DA4D /* AppDelegate.m in Sources */,
				45D43E121DACDD120022F86A /* UIView+ConvenientMethod.m in Sources */,
				45D43DE71DACB7170022F86A /* AISpringScaleViewController.m in Sources */,
				453DD8451DACA80500D1CDA9 /* GCDGroup.m in Sources */,
				45D43E151DACDD120022F86A /* UIView+SetRect.m in Sources */,
				45D43DFE1DACD9460022F86A /* AILoadAnimationView.m in Sources */,
				455E28D61D98F87600E3DA4D /* AIListTableViewCell.m in Sources */,
				453DD8471DACA80500D1CDA9 /* GCDSemaphore.m in Sources */,
				455E28CE1D98F55200E3DA4D /* AIPop1ViewController.m in Sources */,
				45D43E101DACDD120022F86A /* UIView+AnimationPracticalMethod.m in Sources */,
				45D43DF11DACC2570022F86A /* YXEasing.m in Sources */,
				45D43E1B1DACE21B0022F86A /* InfiniteRotationView.m in Sources */,
				45D43DF41DACC3090022F86A /* AIBaiduLoadHUDViewController.m in Sources */,
				45D43DFB1DACC8EE0022F86A /* AINetWorkHelper.m in Sources */,
				458131A41DAB97C300B2E8D1 /* AILayerButton.m in Sources */,
				4505FE901DAE8C1D00AE4FED /* AIAnimationImageView.m in Sources */,
				45D43E141DACDD120022F86A /* UIView+ScreensShot.m in Sources */,
				45D43E161DACDD120022F86A /* UIView+Shake.m in Sources */,
				4581319D1DAB7CB100B2E8D1 /* DrawMarqueeView.m in Sources */,
				45D43DF01DACC2570022F86A /* easing.c in Sources */,
				45D43E111DACDD120022F86A /* UIView+AnimationProperty.m in Sources */,
				455E288E1D98C0D300E3DA4D /* main.m in Sources */,
			);
			runOnlyForDeploymentPostprocessing = 0;
		};
		455E289E1D98C0D300E3DA4D /* Sources */ = {
			isa = PBXSourcesBuildPhase;
			buildActionMask = 2147483647;
			files = (
				455E28A71D98C0D300E3DA4D /* AIAnimationDemoTests.m in Sources */,
			);
			runOnlyForDeploymentPostprocessing = 0;
		};
		455E28A91D98C0D300E3DA4D /* Sources */ = {
			isa = PBXSourcesBuildPhase;
			buildActionMask = 2147483647;
			files = (
				455E28B21D98C0D300E3DA4D /* AIAnimationDemoUITests.m in Sources */,
			);
			runOnlyForDeploymentPostprocessing = 0;
		};
/* End PBXSourcesBuildPhase section */

/* Begin PBXTargetDependency section */
		455E28A41D98C0D300E3DA4D /* PBXTargetDependency */ = {
			isa = PBXTargetDependency;
			target = 455E28881D98C0D300E3DA4D /* AIAnimationDemo */;
			targetProxy = 455E28A31D98C0D300E3DA4D /* PBXContainerItemProxy */;
		};
		455E28AF1D98C0D300E3DA4D /* PBXTargetDependency */ = {
			isa = PBXTargetDependency;
			target = 455E28881D98C0D300E3DA4D /* AIAnimationDemo */;
			targetProxy = 455E28AE1D98C0D300E3DA4D /* PBXContainerItemProxy */;
		};
/* End PBXTargetDependency section */

/* Begin PBXVariantGroup section */
		455E289A1D98C0D300E3DA4D /* LaunchScreen.storyboard */ = {
			isa = PBXVariantGroup;
			children = (
				455E289B1D98C0D300E3DA4D /* Base */,
			);
			name = LaunchScreen.storyboard;
			sourceTree = "<group>";
		};
/* End PBXVariantGroup section */

/* Begin XCBuildConfiguration section */
		455E28B41D98C0D300E3DA4D /* Debug */ = {
			isa = XCBuildConfiguration;
			buildSettings = {
				ALWAYS_SEARCH_USER_PATHS = NO;
				CLANG_ANALYZER_NONNULL = YES;
				CLANG_CXX_LANGUAGE_STANDARD = "gnu++0x";
				CLANG_CXX_LIBRARY = "libc++";
				CLANG_ENABLE_MODULES = YES;
				CLANG_ENABLE_OBJC_ARC = YES;
				CLANG_WARN_BOOL_CONVERSION = YES;
				CLANG_WARN_CONSTANT_CONVERSION = YES;
				CLANG_WARN_DIRECT_OBJC_ISA_USAGE = YES_ERROR;
				CLANG_WARN_DOCUMENTATION_COMMENTS = YES;
				CLANG_WARN_EMPTY_BODY = YES;
				CLANG_WARN_ENUM_CONVERSION = YES;
				CLANG_WARN_INFINITE_RECURSION = YES;
				CLANG_WARN_INT_CONVERSION = YES;
				CLANG_WARN_OBJC_ROOT_CLASS = YES_ERROR;
				CLANG_WARN_SUSPICIOUS_MOVES = YES;
				CLANG_WARN_UNREACHABLE_CODE = YES;
				CLANG_WARN__DUPLICATE_METHOD_MATCH = YES;
				"CODE_SIGN_IDENTITY[sdk=iphoneos*]" = "iPhone Developer";
				COPY_PHASE_STRIP = NO;
				DEBUG_INFORMATION_FORMAT = dwarf;
				ENABLE_STRICT_OBJC_MSGSEND = YES;
				ENABLE_TESTABILITY = YES;
				GCC_C_LANGUAGE_STANDARD = gnu99;
				GCC_DYNAMIC_NO_PIC = NO;
				GCC_NO_COMMON_BLOCKS = YES;
				GCC_OPTIMIZATION_LEVEL = 0;
				GCC_PREPROCESSOR_DEFINITIONS = (
					"DEBUG=1",
					"$(inherited)",
				);
				GCC_WARN_64_TO_32_BIT_CONVERSION = YES;
				GCC_WARN_ABOUT_RETURN_TYPE = YES_ERROR;
				GCC_WARN_UNDECLARED_SELECTOR = YES;
				GCC_WARN_UNINITIALIZED_AUTOS = YES_AGGRESSIVE;
				GCC_WARN_UNUSED_FUNCTION = YES;
				GCC_WARN_UNUSED_VARIABLE = YES;
				IPHONEOS_DEPLOYMENT_TARGET = 10.0;
				MTL_ENABLE_DEBUG_INFO = YES;
				ONLY_ACTIVE_ARCH = YES;
				OTHER_CFLAGS = "";
				SDKROOT = iphoneos;
			};
			name = Debug;
		};
		455E28B51D98C0D300E3DA4D /* Release */ = {
			isa = XCBuildConfiguration;
			buildSettings = {
				ALWAYS_SEARCH_USER_PATHS = NO;
				CLANG_ANALYZER_NONNULL = YES;
				CLANG_CXX_LANGUAGE_STANDARD = "gnu++0x";
				CLANG_CXX_LIBRARY = "libc++";
				CLANG_ENABLE_MODULES = YES;
				CLANG_ENABLE_OBJC_ARC = YES;
				CLANG_WARN_BOOL_CONVERSION = YES;
				CLANG_WARN_CONSTANT_CONVERSION = YES;
				CLANG_WARN_DIRECT_OBJC_ISA_USAGE = YES_ERROR;
				CLANG_WARN_DOCUMENTATION_COMMENTS = YES;
				CLANG_WARN_EMPTY_BODY = YES;
				CLANG_WARN_ENUM_CONVERSION = YES;
				CLANG_WARN_INFINITE_RECURSION = YES;
				CLANG_WARN_INT_CONVERSION = YES;
				CLANG_WARN_OBJC_ROOT_CLASS = YES_ERROR;
				CLANG_WARN_SUSPICIOUS_MOVES = YES;
				CLANG_WARN_UNREACHABLE_CODE = YES;
				CLANG_WARN__DUPLICATE_METHOD_MATCH = YES;
				"CODE_SIGN_IDENTITY[sdk=iphoneos*]" = "iPhone Developer";
				COPY_PHASE_STRIP = NO;
				DEBUG_INFORMATION_FORMAT = "dwarf-with-dsym";
				ENABLE_NS_ASSERTIONS = NO;
				ENABLE_STRICT_OBJC_MSGSEND = YES;
				GCC_C_LANGUAGE_STANDARD = gnu99;
				GCC_NO_COMMON_BLOCKS = YES;
				GCC_WARN_64_TO_32_BIT_CONVERSION = YES;
				GCC_WARN_ABOUT_RETURN_TYPE = YES_ERROR;
				GCC_WARN_UNDECLARED_SELECTOR = YES;
				GCC_WARN_UNINITIALIZED_AUTOS = YES_AGGRESSIVE;
				GCC_WARN_UNUSED_FUNCTION = YES;
				GCC_WARN_UNUSED_VARIABLE = YES;
				IPHONEOS_DEPLOYMENT_TARGET = 10.0;
				MTL_ENABLE_DEBUG_INFO = NO;
				OTHER_CFLAGS = "";
				SDKROOT = iphoneos;
				VALIDATE_PRODUCT = YES;
			};
			name = Release;
		};
		455E28B71D98C0D300E3DA4D /* Debug */ = {
			isa = XCBuildConfiguration;
			baseConfigurationReference = 7620388811825F2ABC3F5185 /* Pods-AIAnimationDemo.debug.xcconfig */;
			buildSettings = {
				ASSETCATALOG_COMPILER_APPICON_NAME = AppIcon;
				DEVELOPMENT_TEAM = 6H387LGUM8;
				GCC_PREFIX_HEADER = "$(SRCROOT)/AIAnimationDemo/Header.h";
				INFOPLIST_FILE = AIAnimationDemo/Info.plist;
				LD_RUNPATH_SEARCH_PATHS = "$(inherited) @executable_path/Frameworks";
				PRODUCT_BUNDLE_IDENTIFIER = aizexin.AIAnimationDemo;
				PRODUCT_NAME = "$(TARGET_NAME)";
			};
			name = Debug;
		};
		455E28B81D98C0D300E3DA4D /* Release */ = {
			isa = XCBuildConfiguration;
			baseConfigurationReference = 48ED125D08E27BAFBE549DFC /* Pods-AIAnimationDemo.release.xcconfig */;
			buildSettings = {
				ASSETCATALOG_COMPILER_APPICON_NAME = AppIcon;
				DEVELOPMENT_TEAM = 6H387LGUM8;
				GCC_PREFIX_HEADER = "$(SRCROOT)/AIAnimationDemo/Header.h";
				INFOPLIST_FILE = AIAnimationDemo/Info.plist;
				LD_RUNPATH_SEARCH_PATHS = "$(inherited) @executable_path/Frameworks";
				PRODUCT_BUNDLE_IDENTIFIER = aizexin.AIAnimationDemo;
				PRODUCT_NAME = "$(TARGET_NAME)";
			};
			name = Release;
		};
		455E28BA1D98C0D300E3DA4D /* Debug */ = {
			isa = XCBuildConfiguration;
			buildSettings = {
				BUNDLE_LOADER = "$(TEST_HOST)";
				INFOPLIST_FILE = AIAnimationDemoTests/Info.plist;
				LD_RUNPATH_SEARCH_PATHS = "$(inherited) @executable_path/Frameworks @loader_path/Frameworks";
				PRODUCT_BUNDLE_IDENTIFIER = aizexin.AIAnimationDemoTests;
				PRODUCT_NAME = "$(TARGET_NAME)";
				TEST_HOST = "$(BUILT_PRODUCTS_DIR)/AIAnimationDemo.app/AIAnimationDemo";
			};
			name = Debug;
		};
		455E28BB1D98C0D300E3DA4D /* Release */ = {
			isa = XCBuildConfiguration;
			buildSettings = {
				BUNDLE_LOADER = "$(TEST_HOST)";
				INFOPLIST_FILE = AIAnimationDemoTests/Info.plist;
				LD_RUNPATH_SEARCH_PATHS = "$(inherited) @executable_path/Frameworks @loader_path/Frameworks";
				PRODUCT_BUNDLE_IDENTIFIER = aizexin.AIAnimationDemoTests;
				PRODUCT_NAME = "$(TARGET_NAME)";
				TEST_HOST = "$(BUILT_PRODUCTS_DIR)/AIAnimationDemo.app/AIAnimationDemo";
			};
			name = Release;
		};
		455E28BD1D98C0D300E3DA4D /* Debug */ = {
			isa = XCBuildConfiguration;
			buildSettings = {
				INFOPLIST_FILE = AIAnimationDemoUITests/Info.plist;
				LD_RUNPATH_SEARCH_PATHS = "$(inherited) @executable_path/Frameworks @loader_path/Frameworks";
				PRODUCT_BUNDLE_IDENTIFIER = aizexin.AIAnimationDemoUITests;
				PRODUCT_NAME = "$(TARGET_NAME)";
				TEST_TARGET_NAME = AIAnimationDemo;
			};
			name = Debug;
		};
		455E28BE1D98C0D300E3DA4D /* Release */ = {
			isa = XCBuildConfiguration;
			buildSettings = {
				INFOPLIST_FILE = AIAnimationDemoUITests/Info.plist;
				LD_RUNPATH_SEARCH_PATHS = "$(inherited) @executable_path/Frameworks @loader_path/Frameworks";
				PRODUCT_BUNDLE_IDENTIFIER = aizexin.AIAnimationDemoUITests;
				PRODUCT_NAME = "$(TARGET_NAME)";
				TEST_TARGET_NAME = AIAnimationDemo;
			};
			name = Release;
		};
/* End XCBuildConfiguration section */

/* Begin XCConfigurationList section */
		455E28841D98C0D300E3DA4D /* Build configuration list for PBXProject "AIAnimationDemo" */ = {
			isa = XCConfigurationList;
			buildConfigurations = (
				455E28B41D98C0D300E3DA4D /* Debug */,
				455E28B51D98C0D300E3DA4D /* Release */,
			);
			defaultConfigurationIsVisible = 0;
			defaultConfigurationName = Release;
		};
		455E28B61D98C0D300E3DA4D /* Build configuration list for PBXNativeTarget "AIAnimationDemo" */ = {
			isa = XCConfigurationList;
			buildConfigurations = (
				455E28B71D98C0D300E3DA4D /* Debug */,
				455E28B81D98C0D300E3DA4D /* Release */,
			);
			defaultConfigurationIsVisible = 0;
			defaultConfigurationName = Release;
		};
		455E28B91D98C0D300E3DA4D /* Build configuration list for PBXNativeTarget "AIAnimationDemoTests" */ = {
			isa = XCConfigurationList;
			buildConfigurations = (
				455E28BA1D98C0D300E3DA4D /* Debug */,
				455E28BB1D98C0D300E3DA4D /* Release */,
			);
			defaultConfigurationIsVisible = 0;
			defaultConfigurationName = Release;
		};
		455E28BC1D98C0D300E3DA4D /* Build configuration list for PBXNativeTarget "AIAnimationDemoUITests" */ = {
			isa = XCConfigurationList;
			buildConfigurations = (
				455E28BD1D98C0D300E3DA4D /* Debug */,
				455E28BE1D98C0D300E3DA4D /* Release */,
			);
			defaultConfigurationIsVisible = 0;
			defaultConfigurationName = Release;
		};
/* End XCConfigurationList section */
	};
	rootObject = 455E28811D98C0D300E3DA4D /* Project object */;
}
